
Microsoft Visual Studio Solution File, Format Version 12.00
# Visual Studio 15
VisualStudioVersion = 15.0.27004.2005
MinimumVisualStudioVersion = 10.0.40219.1
Project("{9A19103F-16F7-4668-BE54-9A1E7A4F7556}") = "MoviesCRUDApp", "MoviesCRUDApp\MoviesCRUDApp.csproj", "{751401DC-D51B-4A80-B472-0506FFFA13C0}"
EndProject
Project("{E53339B2-1760-4266-BCC7-CA923CBCF16C}") = "docker-compose", "docker-compose.dcproj", "{632C1394-DD1E-44F5-9491-6D38E018087B}"
EndProject
Global
	GlobalSection(SolutionConfigurationPlatforms) = preSolution
		Debug|Any CPU = Debug|Any CPU
		Release|Any CPU = Release|Any CPU
	EndGlobalSection
	GlobalSection(ProjectConfigurationPlatforms) = postSolution
		{751401DC-D51B-4A80-B472-0506FFFA13C0}.Debug|Any CPU.ActiveCfg = Debug|Any CPU
		{751401DC-D51B-4A80-B472-0506FFFA13C0}.Debug|Any CPU.Build.0 = Debug|Any CPU
		{751401DC-D51B-4A80-B472-0506FFFA13C0}.Release|Any CPU.ActiveCfg = Release|Any CPU
		{751401DC-D51B-4A80-B472-0506FFFA13C0}.Release|Any CPU.Build.0 = Release|Any CPU
		{632C1394-DD1E-44F5-9491-6D38E018087B}.Debug|Any CPU.ActiveCfg = Debug|Any CPU
		{632C1394-DD1E-44F5-9491-6D38E018087B}.Debug|Any CPU.Build.0 = Debug|Any CPU
		{632C1394-DD1E-44F5-9491-6D38E018087B}.Release|Any CPU.ActiveCfg = Release|Any CPU
		{632C1394-DD1E-44F5-9491-6D38E018087B}.Release|Any CPU.Build.0 = Release|Any CPU
	EndGlobalSection
	GlobalSection(SolutionProperties) = preSolution
		HideSolutionNode = FALSE
	EndGlobalSection
	GlobalSection(ExtensibilityGlobals) = postSolution
		SolutionGuid = {C01DB7B5-B4AE-477D-A7BD-34FEBFB9E73E}
	EndGlobalSection
EndGlobal
